
Microsoft Visual Studio Solution File, Format Version 12.00
# Visual Studio Version 17
VisualStudioVersion = 17.7.34031.279
MinimumVisualStudioVersion = 10.0.40219.1
Project("{FAE04EC0-301F-11D3-BF4B-00C04F79EFBC}") = "MediatR.Endpoints", "MediatR.Endpoints\MediatR.Endpoints.csproj", "{B1A11DB0-2961-4511-9E80-8F9791226E55}"
EndProject
Project("{FAE04EC0-301F-11D3-BF4B-00C04F79EFBC}") = "MediatR.Endpoints.Tests", "MediatR.Endpoints.Tests\MediatR.Endpoints.Tests.csproj", "{413CAC85-6CBF-42B1-A01A-3E4E6971B294}"
EndProject
Global
	GlobalSection(SolutionConfigurationPlatforms) = preSolution
		Debug|Any CPU = Debug|Any CPU
		Release|Any CPU = Release|Any CPU
	EndGlobalSection
	GlobalSection(ProjectConfigurationPlatforms) = postSolution
		{B1A11DB0-2961-4511-9E80-8F9791226E55}.Debug|Any CPU.ActiveCfg = Debug|Any CPU
		{B1A11DB0-2961-4511-9E80-8F9791226E55}.Debug|Any CPU.Build.0 = Debug|Any CPU
		{B1A11DB0-2961-4511-9E80-8F9791226E55}.Release|Any CPU.ActiveCfg = Release|Any CPU
		{B1A11DB0-2961-4511-9E80-8F9791226E55}.Release|Any CPU.Build.0 = Release|Any CPU
		{413CAC85-6CBF-42B1-A01A-3E4E6971B294}.Debug|Any CPU.ActiveCfg = Debug|Any CPU
		{413CAC85-6CBF-42B1-A01A-3E4E6971B294}.Debug|Any CPU.Build.0 = Debug|Any CPU
		{413CAC85-6CBF-42B1-A01A-3E4E6971B294}.Release|Any CPU.ActiveCfg = Release|Any CPU
		{413CAC85-6CBF-42B1-A01A-3E4E6971B294}.Release|Any CPU.Build.0 = Release|Any CPU
	EndGlobalSection
	GlobalSection(SolutionProperties) = preSolution
		HideSolutionNode = FALSE
	EndGlobalSection
	GlobalSection(ExtensibilityGlobals) = postSolution
		SolutionGuid = {2BBA0608-0618-41A6-B8F1-7D3200D2E737}
	EndGlobalSection
EndGlobal
